
Microsoft Visual Studio Solution File, Format Version 12.00
# Visual Studio Version 17
VisualStudioVersion = 17.9.34728.123
MinimumVisualStudioVersion = 10.0.40219.1
Project("{FAE04EC0-301F-11D3-BF4B-00C04F79EFBC}") = "Lista 3 C# (remasted)", "Lista 3 C# (remasted)\Lista 3 C# (remasted).csproj", "{91B2DAE4-F501-4D7C-9547-D7A0834E52BF}"
EndProject
Global
	GlobalSection(SolutionConfigurationPlatforms) = preSolution
		Debug|Any CPU = Debug|Any CPU
		Release|Any CPU = Release|Any CPU
	EndGlobalSection
	GlobalSection(ProjectConfigurationPlatforms) = postSolution
		{91B2DAE4-F501-4D7C-9547-D7A0834E52BF}.Debug|Any CPU.ActiveCfg = Debug|Any CPU
		{91B2DAE4-F501-4D7C-9547-D7A0834E52BF}.Debug|Any CPU.Build.0 = Debug|Any CPU
		{91B2DAE4-F501-4D7C-9547-D7A0834E52BF}.Release|Any CPU.ActiveCfg = Release|Any CPU
		{91B2DAE4-F501-4D7C-9547-D7A0834E52BF}.Release|Any CPU.Build.0 = Release|Any CPU
	EndGlobalSection
	GlobalSection(SolutionProperties) = preSolution
		HideSolutionNode = FALSE
	EndGlobalSection
	GlobalSection(ExtensibilityGlobals) = postSolution
		SolutionGuid = {3E80B7D4-490B-4F1A-A931-4059050F7DB2}
	EndGlobalSection
EndGlobal
